// !$*UTF8*$!
{
	archiveVersion = 1;
	classes = {
	};
	objectVersion = 50;
	objects = {

/* Begin PBXBuildFile section */
		1D06C6B027440DCA00374255 /* CandleIndicator.swift in Sources */ = {isa = PBXBuildFile; fileRef = 1D06C6AF27440DC900374255 /* CandleIndicator.swift */; };
		1D06C6B22744125D00374255 /* CandleIndicatorView.swift in Sources */ = {isa = PBXBuildFile; fileRef = 1D06C6B12744125D00374255 /* CandleIndicatorView.swift */; };
		1D0F2C352723EF8A00EE5803 /* DCAResultMeta.swift in Sources */ = {isa = PBXBuildFile; fileRef = 1D0F2C342723EF8A00EE5803 /* DCAResultMeta.swift */; };
		1D0F2C372723F0FB00EE5803 /* MetaAnalysisModel.swift in Sources */ = {isa = PBXBuildFile; fileRef = 1D0F2C362723F0FB00EE5803 /* MetaAnalysisModel.swift */; };
		1D1210242736DC2A00B58B67 /* PageViewController.swift in Sources */ = {isa = PBXBuildFile; fileRef = 1D1210232736DC2A00B58B67 /* PageViewController.swift */; };
		1D1210262736E1F100B58B67 /* FinancialsViewController.swift in Sources */ = {isa = PBXBuildFile; fileRef = 1D1210252736E1F100B58B67 /* FinancialsViewController.swift */; };
		1D1210282736E8CA00B58B67 /* FinancialsAPI.swift in Sources */ = {isa = PBXBuildFile; fileRef = 1D1210272736E8CA00B58B67 /* FinancialsAPI.swift */; };
		1D12102A2736E8FF00B58B67 /* FinancialsModel.swift in Sources */ = {isa = PBXBuildFile; fileRef = 1D1210292736E8FF00B58B67 /* FinancialsModel.swift */; };
		1D12102D2736F98100B58B67 /* FinancialsViewModel.swift in Sources */ = {isa = PBXBuildFile; fileRef = 1D12102C2736F98100B58B67 /* FinancialsViewModel.swift */; };
		1D12102F2736FA4200B58B67 /* ROEView.swift in Sources */ = {isa = PBXBuildFile; fileRef = 1D12102E2736FA4200B58B67 /* ROEView.swift */; };
		1D1210312736FE4000B58B67 /* FinancialModel.swift in Sources */ = {isa = PBXBuildFile; fileRef = 1D1210302736FE4000B58B67 /* FinancialModel.swift */; };
		1D187F6F2738468500F4B594 /* PieChartRenderer.swift in Sources */ = {isa = PBXBuildFile; fileRef = 1D187F6E2738468500F4B594 /* PieChartRenderer.swift */; };
		1D18DDCF2758D9C80061A7AD /* TradeBot.swift in Sources */ = {isa = PBXBuildFile; fileRef = 1D18DDCE2758D9C80061A7AD /* TradeBot.swift */; };
		1D18DDD7275932940061A7AD /* BotViewController.swift in Sources */ = {isa = PBXBuildFile; fileRef = 1D18DDD6275932940061A7AD /* BotViewController.swift */; };
		1D18DDD9275932BB0061A7AD /* BotViewModel.swift in Sources */ = {isa = PBXBuildFile; fileRef = 1D18DDD8275932BB0061A7AD /* BotViewModel.swift */; };
		1D1A016827325493005449A2 /* ScaleFactor.swift in Sources */ = {isa = PBXBuildFile; fileRef = 1D1A016727325493005449A2 /* ScaleFactor.swift */; };
		1D20600F26F71837007EA13F /* CalculatorViewController.swift in Sources */ = {isa = PBXBuildFile; fileRef = 1D20600E26F71837007EA13F /* CalculatorViewController.swift */; };
		1D2425B027575E49003A9755 /* ControlPoints.swift in Sources */ = {isa = PBXBuildFile; fileRef = 1D2425AF27575E49003A9755 /* ControlPoints.swift */; };
		1D2425B227575EB1003A9755 /* YPositionFactory.swift in Sources */ = {isa = PBXBuildFile; fileRef = 1D2425B127575EB1003A9755 /* YPositionFactory.swift */; };
		1D2425B427576566003A9755 /* PageCoordinator.swift in Sources */ = {isa = PBXBuildFile; fileRef = 1D2425B327576566003A9755 /* PageCoordinator.swift */; };
		1D25E28F2722C58A00CD8E4C /* ZeroPositionModel.swift in Sources */ = {isa = PBXBuildFile; fileRef = 1D25E28E2722C58A00CD8E4C /* ZeroPositionModel.swift */; };
		1D25E31E26EDD83A00EA4225 /* AppDelegate.swift in Sources */ = {isa = PBXBuildFile; fileRef = 1D25E31D26EDD83A00EA4225 /* AppDelegate.swift */; };
		1D25E32026EDD83A00EA4225 /* SceneDelegate.swift in Sources */ = {isa = PBXBuildFile; fileRef = 1D25E31F26EDD83A00EA4225 /* SceneDelegate.swift */; };
		1D25E32226EDD83A00EA4225 /* SearchViewController.swift in Sources */ = {isa = PBXBuildFile; fileRef = 1D25E32126EDD83A00EA4225 /* SearchViewController.swift */; };
		1D25E32A26EDD83D00EA4225 /* LaunchScreen.storyboard in Resources */ = {isa = PBXBuildFile; fileRef = 1D25E32826EDD83D00EA4225 /* LaunchScreen.storyboard */; };
		1D25E33226EDF47A00EA4225 /* API.swift in Sources */ = {isa = PBXBuildFile; fileRef = 1D25E33126EDF47A00EA4225 /* API.swift */; };
		1D25E33626EDF85A00EA4225 /* TimeSeriesMonthlyAdjustedModel.swift in Sources */ = {isa = PBXBuildFile; fileRef = 1D25E33526EDF85A00EA4225 /* TimeSeriesMonthlyAdjustedModel.swift */; };
		1D260F5F27117CF300099DA8 /* Jia_Jie_s_DCA_CalculatorTests.swift in Sources */ = {isa = PBXBuildFile; fileRef = 1D260F5E27117CF300099DA8 /* Jia_Jie_s_DCA_CalculatorTests.swift */; };
		1D260F6D27117E5500099DA8 /* Jia_Jie_s_DCA_CalculatorUITests.swift in Sources */ = {isa = PBXBuildFile; fileRef = 1D260F6C27117E5500099DA8 /* Jia_Jie_s_DCA_CalculatorUITests.swift */; };
		1D29573626F2D7D400B40E2B /* SearchResultsModel.swift in Sources */ = {isa = PBXBuildFile; fileRef = 1D29573526F2D7D400B40E2B /* SearchResultsModel.swift */; };
		1D29573826F2DB0700B40E2B /* TableViewCell.swift in Sources */ = {isa = PBXBuildFile; fileRef = 1D29573726F2DB0700B40E2B /* TableViewCell.swift */; };
		1D2E4AA52757C7F8002729E4 /* PercentageChangeModel.swift in Sources */ = {isa = PBXBuildFile; fileRef = 1D2E4AA42757C7F8002729E4 /* PercentageChangeModel.swift */; };
		1D2E4AA72757DDA0002729E4 /* CandleCoordinator.swift in Sources */ = {isa = PBXBuildFile; fileRef = 1D2E4AA62757DDA0002729E4 /* CandleCoordinator.swift */; };
		1D32802D2701C1AB00C60A6C /* Animations.swift in Sources */ = {isa = PBXBuildFile; fileRef = 1D32802C2701C1AB00C60A6C /* Animations.swift */; };
		1D469FA22758AC800073978D /* BackgroundView.swift in Sources */ = {isa = PBXBuildFile; fileRef = 1D469FA12758AC800073978D /* BackgroundView.swift */; };
		1D54094B274815DE004D0501 /* AlgorithmBook.swift in Sources */ = {isa = PBXBuildFile; fileRef = 1D54094A274815DE004D0501 /* AlgorithmBook.swift */; };
		1D57BE9626F7AC2A0074087D /* EasyConstraints.swift in Sources */ = {isa = PBXBuildFile; fileRef = 1D57BE9526F7AC2A0074087D /* EasyConstraints.swift */; };
		1D67EF1027086392005E1016 /* DisplayLabelsView.swift in Sources */ = {isa = PBXBuildFile; fileRef = 1D67EF0F27086392005E1016 /* DisplayLabelsView.swift */; };
		1D67EF1227086441005E1016 /* DateViews.swift in Sources */ = {isa = PBXBuildFile; fileRef = 1D67EF1127086441005E1016 /* DateViews.swift */; };
		1D6B9362271D641F009B012E /* GraphRendererModel.swift in Sources */ = {isa = PBXBuildFile; fileRef = 1D6B9361271D641F009B012E /* GraphRendererModel.swift */; };
		1D6B9365271D841B009B012E /* GraphTests.swift in Sources */ = {isa = PBXBuildFile; fileRef = 1D6B9364271D841B009B012E /* GraphTests.swift */; };
		1D6D33DC27077063009A86EA /* Date+Extensions.swift in Sources */ = {isa = PBXBuildFile; fileRef = 1D6D33DB27077063009A86EA /* Date+Extensions.swift */; };
		1D72D2A327006D93004BBC50 /* TitleView.swift in Sources */ = {isa = PBXBuildFile; fileRef = 1D72D2A227006D93004BBC50 /* TitleView.swift */; };
		1D72D2A527006E0A004BBC50 /* ViewFactoryProtocol.swift in Sources */ = {isa = PBXBuildFile; fileRef = 1D72D2A427006E0A004BBC50 /* ViewFactoryProtocol.swift */; };
		1D72D2A72700D01E004BBC50 /* Extensions.swift in Sources */ = {isa = PBXBuildFile; fileRef = 1D72D2A62700D01E004BBC50 /* Extensions.swift */; };
		1D784B02275A493700F91392 /* CloudKit.framework in Frameworks */ = {isa = PBXBuildFile; fileRef = 1D784B01275A493700F91392 /* CloudKit.framework */; };
		1D784B04275A4C7600F91392 /* CloudKitViewController.swift in Sources */ = {isa = PBXBuildFile; fileRef = 1D784B03275A4C7600F91392 /* CloudKitViewController.swift */; };
		1D784B08275A68F600F91392 /* CloudKitUtility.swift in Sources */ = {isa = PBXBuildFile; fileRef = 1D784B07275A68F600F91392 /* CloudKitUtility.swift */; };
		1D784B0A275A74EC00F91392 /* CloudCRUD.swift in Sources */ = {isa = PBXBuildFile; fileRef = 1D784B09275A74EC00F91392 /* CloudCRUD.swift */; };
		1D7927A8275B4A3E00DD2E6B /* FetchLatest.swift in Sources */ = {isa = PBXBuildFile; fileRef = 1D7927A7275B4A3E00DD2E6B /* FetchLatest.swift */; };
		1D7927AA275B516D00DD2E6B /* OHLCCloudElement.swift in Sources */ = {isa = PBXBuildFile; fileRef = 1D7927A9275B516D00DD2E6B /* OHLCCloudElement.swift */; };
		1D8021D226FF026D0004F668 /* CoordinatorProtocol.swift in Sources */ = {isa = PBXBuildFile; fileRef = 1D8021D126FF026D0004F668 /* CoordinatorProtocol.swift */; };
		1D8021D426FF038A0004F668 /* NavigationCoordinator.swift in Sources */ = {isa = PBXBuildFile; fileRef = 1D8021D326FF038A0004F668 /* NavigationCoordinator.swift */; };
		1D8021D726FF0ABF0004F668 /* CalculatorCoordinator.swift in Sources */ = {isa = PBXBuildFile; fileRef = 1D8021D626FF0ABF0004F668 /* CalculatorCoordinator.swift */; };
		1D8021D926FF102A0004F668 /* DIContainer.swift in Sources */ = {isa = PBXBuildFile; fileRef = 1D8021D826FF102A0004F668 /* DIContainer.swift */; };
		1D85ED57270B64CE00D6D4C1 /* LineGraphView.swift in Sources */ = {isa = PBXBuildFile; fileRef = 1D85ED56270B64CE00D6D4C1 /* LineGraphView.swift */; };
		1D85ED59270B67A600D6D4C1 /* Double+Extensions.swift in Sources */ = {isa = PBXBuildFile; fileRef = 1D85ED58270B67A600D6D4C1 /* Double+Extensions.swift */; };
		1D85ED5B270B69E500D6D4C1 /* YAxisView.swift in Sources */ = {isa = PBXBuildFile; fileRef = 1D85ED5A270B69E500D6D4C1 /* YAxisView.swift */; };
		1D8888FF26EF9A28003B43CE /* Logger.swift in Sources */ = {isa = PBXBuildFile; fileRef = 1D8888FE26EF9A28003B43CE /* Logger.swift */; };
		1D88890126EFB501003B43CE /* GlobalVariables.swift in Sources */ = {isa = PBXBuildFile; fileRef = 1D88890026EFB501003B43CE /* GlobalVariables.swift */; };
		1D88890326EFB79E003B43CE /* DCACalculatorModel.swift in Sources */ = {isa = PBXBuildFile; fileRef = 1D88890226EFB79E003B43CE /* DCACalculatorModel.swift */; };
		1D8897E92708B5EF005131B0 /* GraphView.swift in Sources */ = {isa = PBXBuildFile; fileRef = 1D8897E82708B5EF005131B0 /* GraphView.swift */; };
		1D8897EB2708B86F005131B0 /* ViewModel.swift in Sources */ = {isa = PBXBuildFile; fileRef = 1D8897EA2708B86F005131B0 /* ViewModel.swift */; };
		1D911E4E2732867300444991 /* TabViewController.swift in Sources */ = {isa = PBXBuildFile; fileRef = 1D911E4D2732867300444991 /* TabViewController.swift */; };
		1D911E502732878900444991 /* CustomTabView.swift in Sources */ = {isa = PBXBuildFile; fileRef = 1D911E4F2732878900444991 /* CustomTabView.swift */; };
		1D911E52273289BA00444991 /* TabViewModel.swift in Sources */ = {isa = PBXBuildFile; fileRef = 1D911E51273289BA00444991 /* TabViewModel.swift */; };
		1D911E542732E1C800444991 /* HomeViewController.swift in Sources */ = {isa = PBXBuildFile; fileRef = 1D911E532732E1C800444991 /* HomeViewController.swift */; };
		1D92AE84274E86150076F449 /* MovingAverageView.swift in Sources */ = {isa = PBXBuildFile; fileRef = 1D92AE83274E86150076F449 /* MovingAverageView.swift */; };
		1D92AE86274E86450076F449 /* TradingVolumeView.swift in Sources */ = {isa = PBXBuildFile; fileRef = 1D92AE85274E86450076F449 /* TradingVolumeView.swift */; };
		1D9CF74C2745784A00D33DB8 /* SingleCandleView.swift in Sources */ = {isa = PBXBuildFile; fileRef = 1D9CF74B2745784A00D33DB8 /* SingleCandleView.swift */; };
		1DA32BF12756172900055702 /* RSIModel.swift in Sources */ = {isa = PBXBuildFile; fileRef = 1DA32BF02756172900055702 /* RSIModel.swift */; };
		1DA32BF32756659500055702 /* BollingerBandsModel.swift in Sources */ = {isa = PBXBuildFile; fileRef = 1DA32BF22756659500055702 /* BollingerBandsModel.swift */; };
		1DB20751274FDCE60015B1B7 /* ChartLibrary.swift in Sources */ = {isa = PBXBuildFile; fileRef = 1DB20750274FDCE60015B1B7 /* ChartLibrary.swift */; };
		1DB5413626F1E857001FBC77 /* DCAResultModel.swift in Sources */ = {isa = PBXBuildFile; fileRef = 1DB5413526F1E857001FBC77 /* DCAResultModel.swift */; };
		1DB5413826F1EA52001FBC77 /* Protocols.swift in Sources */ = {isa = PBXBuildFile; fileRef = 1DB5413726F1EA52001FBC77 /* Protocols.swift */; };
		1DC3C9D4273BAFF200900600 /* CandleViewController.swift in Sources */ = {isa = PBXBuildFile; fileRef = 1DC3C9D3273BAFF200900600 /* CandleViewController.swift */; };
		1DC3C9D7273BB0F000900600 /* CandleViewModel.swift in Sources */ = {isa = PBXBuildFile; fileRef = 1DC3C9D6273BB0F000900600 /* CandleViewModel.swift */; };
		1DC3C9D9273BB10900900600 /* CandleView.swift in Sources */ = {isa = PBXBuildFile; fileRef = 1DC3C9D8273BB10900900600 /* CandleView.swift */; };
		1DC3C9DB273BB1DA00900600 /* IntradayModel.swift in Sources */ = {isa = PBXBuildFile; fileRef = 1DC3C9DA273BB1DA00900600 /* IntradayModel.swift */; };
		1DC3C9DD273BB98F00900600 /* DailyModel.swift in Sources */ = {isa = PBXBuildFile; fileRef = 1DC3C9DC273BB98F00900600 /* DailyModel.swift */; };
		1DC3C9DF273BBA2F00900600 /* CandleAPI.swift in Sources */ = {isa = PBXBuildFile; fileRef = 1DC3C9DE273BBA2F00900600 /* CandleAPI.swift */; };
		1DC3C9E1273BC13000900600 /* CandleModel.swift in Sources */ = {isa = PBXBuildFile; fileRef = 1DC3C9E0273BC13000900600 /* CandleModel.swift */; };
		1DC9EAB3274A5138000E8D86 /* CandleModeView.swift in Sources */ = {isa = PBXBuildFile; fileRef = 1DC9EAB2274A5138000E8D86 /* CandleModeView.swift */; };
		1DCAEF6026FCB40000BFB251 /* BodyView.swift in Sources */ = {isa = PBXBuildFile; fileRef = 1DCAEF5F26FCB40000BFB251 /* BodyView.swift */; };
		1DD26EE3272C536600BEDF32 /* DateIndicatorModel.swift in Sources */ = {isa = PBXBuildFile; fileRef = 1DD26EE2272C536600BEDF32 /* DateIndicatorModel.swift */; };
		1DD26EE5272C553100BEDF32 /* DateIndicatorView.swift in Sources */ = {isa = PBXBuildFile; fileRef = 1DD26EE4272C553100BEDF32 /* DateIndicatorView.swift */; };
		1DD94B36273A71B900A7DC15 /* SingleBarRenderer.swift in Sources */ = {isa = PBXBuildFile; fileRef = 1DD94B35273A71B900A7DC15 /* SingleBarRenderer.swift */; };
		1DDE4AEF271DDC0300858560 /* IndicatorModel.swift in Sources */ = {isa = PBXBuildFile; fileRef = 1DDE4AEE271DDC0300858560 /* IndicatorModel.swift */; };
		1DDF323C2737C73F00451CD1 /* BarGraphRenderer.swift in Sources */ = {isa = PBXBuildFile; fileRef = 1DDF323B2737C73F00451CD1 /* BarGraphRenderer.swift */; };
		1DEE65D1274171F8009F1C96 /* DailyOHLCHandler.swift in Sources */ = {isa = PBXBuildFile; fileRef = 1DEE65D0274171F8009F1C96 /* DailyOHLCHandler.swift */; };
		1DF13C6427183898005C7CB7 /* IndicatorView.swift in Sources */ = {isa = PBXBuildFile; fileRef = 1DF13C6327183898005C7CB7 /* IndicatorView.swift */; };
		1DF13C6627183D11005C7CB7 /* SwitchModeButtonView.swift in Sources */ = {isa = PBXBuildFile; fileRef = 1DF13C6527183D11005C7CB7 /* SwitchModeButtonView.swift */; };
		1DF696D9274E57AC00261EB6 /* MovingAverageModel.swift in Sources */ = {isa = PBXBuildFile; fileRef = 1DF696D8274E57AC00261EB6 /* MovingAverageModel.swift */; };
		1DFDEC3E275A1F8D00776CA8 /* BotAccountCorodinator.swift in Sources */ = {isa = PBXBuildFile; fileRef = 1DFDEC3D275A1F8D00776CA8 /* BotAccountCorodinator.swift */; };
/* End PBXBuildFile section */

/* Begin PBXContainerItemProxy section */
		1D260F6127117CF300099DA8 /* PBXContainerItemProxy */ = {
			isa = PBXContainerItemProxy;
			containerPortal = 1D25E31226EDD83A00EA4225 /* Project object */;
			proxyType = 1;
			remoteGlobalIDString = 1D25E31926EDD83A00EA4225;
			remoteInfo = "Jia Jie's DCA Calculator";
		};
		1D260F6F27117E5500099DA8 /* PBXContainerItemProxy */ = {
			isa = PBXContainerItemProxy;
			containerPortal = 1D25E31226EDD83A00EA4225 /* Project object */;
			proxyType = 1;
			remoteGlobalIDString = 1D25E31926EDD83A00EA4225;
			remoteInfo = "Jia Jie's DCA Calculator";
		};
/* End PBXContainerItemProxy section */

/* Begin PBXFileReference section */
		1D06C6AF27440DC900374255 /* CandleIndicator.swift */ = {isa = PBXFileReference; lastKnownFileType = sourcecode.swift; path = CandleIndicator.swift; sourceTree = "<group>"; };
		1D06C6B12744125D00374255 /* CandleIndicatorView.swift */ = {isa = PBXFileReference; lastKnownFileType = sourcecode.swift; path = CandleIndicatorView.swift; sourceTree = "<group>"; };
		1D0F2C342723EF8A00EE5803 /* DCAResultMeta.swift */ = {isa = PBXFileReference; lastKnownFileType = sourcecode.swift; path = DCAResultMeta.swift; sourceTree = "<group>"; };
		1D0F2C362723F0FB00EE5803 /* MetaAnalysisModel.swift */ = {isa = PBXFileReference; lastKnownFileType = sourcecode.swift; path = MetaAnalysisModel.swift; sourceTree = "<group>"; };
		1D1210232736DC2A00B58B67 /* PageViewController.swift */ = {isa = PBXFileReference; lastKnownFileType = sourcecode.swift; path = PageViewController.swift; sourceTree = "<group>"; };
		1D1210252736E1F100B58B67 /* FinancialsViewController.swift */ = {isa = PBXFileReference; lastKnownFileType = sourcecode.swift; path = FinancialsViewController.swift; sourceTree = "<group>"; };
		1D1210272736E8CA00B58B67 /* FinancialsAPI.swift */ = {isa = PBXFileReference; lastKnownFileType = sourcecode.swift; path = FinancialsAPI.swift; sourceTree = "<group>"; };
		1D1210292736E8FF00B58B67 /* FinancialsModel.swift */ = {isa = PBXFileReference; lastKnownFileType = sourcecode.swift; path = FinancialsModel.swift; sourceTree = "<group>"; };
		1D12102C2736F98100B58B67 /* FinancialsViewModel.swift */ = {isa = PBXFileReference; lastKnownFileType = sourcecode.swift; path = FinancialsViewModel.swift; sourceTree = "<group>"; };
		1D12102E2736FA4200B58B67 /* ROEView.swift */ = {isa = PBXFileReference; lastKnownFileType = sourcecode.swift; path = ROEView.swift; sourceTree = "<group>"; };
		1D1210302736FE4000B58B67 /* FinancialModel.swift */ = {isa = PBXFileReference; lastKnownFileType = sourcecode.swift; path = FinancialModel.swift; sourceTree = "<group>"; };
		1D187F6E2738468500F4B594 /* PieChartRenderer.swift */ = {isa = PBXFileReference; lastKnownFileType = sourcecode.swift; path = PieChartRenderer.swift; sourceTree = "<group>"; };
		1D18DDCE2758D9C80061A7AD /* TradeBot.swift */ = {isa = PBXFileReference; lastKnownFileType = sourcecode.swift; path = TradeBot.swift; sourceTree = "<group>"; };
		1D18DDD6275932940061A7AD /* BotViewController.swift */ = {isa = PBXFileReference; lastKnownFileType = sourcecode.swift; path = BotViewController.swift; sourceTree = "<group>"; };
		1D18DDD8275932BB0061A7AD /* BotViewModel.swift */ = {isa = PBXFileReference; lastKnownFileType = sourcecode.swift; path = BotViewModel.swift; sourceTree = "<group>"; };
		1D1A016727325493005449A2 /* ScaleFactor.swift */ = {isa = PBXFileReference; lastKnownFileType = sourcecode.swift; path = ScaleFactor.swift; sourceTree = "<group>"; };
		1D20600E26F71837007EA13F /* CalculatorViewController.swift */ = {isa = PBXFileReference; lastKnownFileType = sourcecode.swift; path = CalculatorViewController.swift; sourceTree = "<group>"; };
		1D2425AF27575E49003A9755 /* ControlPoints.swift */ = {isa = PBXFileReference; lastKnownFileType = sourcecode.swift; path = ControlPoints.swift; sourceTree = "<group>"; };
		1D2425B127575EB1003A9755 /* YPositionFactory.swift */ = {isa = PBXFileReference; lastKnownFileType = sourcecode.swift; path = YPositionFactory.swift; sourceTree = "<group>"; };
		1D2425B327576566003A9755 /* PageCoordinator.swift */ = {isa = PBXFileReference; lastKnownFileType = sourcecode.swift; path = PageCoordinator.swift; sourceTree = "<group>"; };
		1D25E28E2722C58A00CD8E4C /* ZeroPositionModel.swift */ = {isa = PBXFileReference; lastKnownFileType = sourcecode.swift; path = ZeroPositionModel.swift; sourceTree = "<group>"; };
		1D25E31A26EDD83A00EA4225 /* Jia Jie's DCA Calculator.app */ = {isa = PBXFileReference; explicitFileType = wrapper.application; includeInIndex = 0; path = "Jia Jie's DCA Calculator.app"; sourceTree = BUILT_PRODUCTS_DIR; };
		1D25E31D26EDD83A00EA4225 /* AppDelegate.swift */ = {isa = PBXFileReference; lastKnownFileType = sourcecode.swift; path = AppDelegate.swift; sourceTree = "<group>"; };
		1D25E31F26EDD83A00EA4225 /* SceneDelegate.swift */ = {isa = PBXFileReference; lastKnownFileType = sourcecode.swift; path = SceneDelegate.swift; sourceTree = "<group>"; };
		1D25E32126EDD83A00EA4225 /* SearchViewController.swift */ = {isa = PBXFileReference; lastKnownFileType = sourcecode.swift; path = SearchViewController.swift; sourceTree = "<group>"; };
		1D25E32926EDD83D00EA4225 /* Base */ = {isa = PBXFileReference; lastKnownFileType = file.storyboard; name = Base; path = Base.lproj/LaunchScreen.storyboard; sourceTree = "<group>"; };
		1D25E32B26EDD83D00EA4225 /* Info.plist */ = {isa = PBXFileReference; lastKnownFileType = text.plist.xml; path = Info.plist; sourceTree = "<group>"; };
		1D25E33126EDF47A00EA4225 /* API.swift */ = {isa = PBXFileReference; lastKnownFileType = sourcecode.swift; path = API.swift; sourceTree = "<group>"; };
		1D25E33526EDF85A00EA4225 /* TimeSeriesMonthlyAdjustedModel.swift */ = {isa = PBXFileReference; lastKnownFileType = sourcecode.swift; path = TimeSeriesMonthlyAdjustedModel.swift; sourceTree = "<group>"; };
		1D260F5C27117CF300099DA8 /* Jia Jie's DCA CalculatorTests.xctest */ = {isa = PBXFileReference; explicitFileType = wrapper.cfbundle; includeInIndex = 0; path = "Jia Jie's DCA CalculatorTests.xctest"; sourceTree = BUILT_PRODUCTS_DIR; };
		1D260F5E27117CF300099DA8 /* Jia_Jie_s_DCA_CalculatorTests.swift */ = {isa = PBXFileReference; lastKnownFileType = sourcecode.swift; path = Jia_Jie_s_DCA_CalculatorTests.swift; sourceTree = "<group>"; };
		1D260F6027117CF300099DA8 /* Info.plist */ = {isa = PBXFileReference; lastKnownFileType = text.plist.xml; path = Info.plist; sourceTree = "<group>"; };
		1D260F6A27117E5500099DA8 /* Jia Jie's DCA CalculatorUITests.xctest */ = {isa = PBXFileReference; explicitFileType = wrapper.cfbundle; includeInIndex = 0; path = "Jia Jie's DCA CalculatorUITests.xctest"; sourceTree = BUILT_PRODUCTS_DIR; };
		1D260F6C27117E5500099DA8 /* Jia_Jie_s_DCA_CalculatorUITests.swift */ = {isa = PBXFileReference; lastKnownFileType = sourcecode.swift; path = Jia_Jie_s_DCA_CalculatorUITests.swift; sourceTree = "<group>"; };
		1D260F6E27117E5500099DA8 /* Info.plist */ = {isa = PBXFileReference; lastKnownFileType = text.plist.xml; path = Info.plist; sourceTree = "<group>"; };
		1D29573526F2D7D400B40E2B /* SearchResultsModel.swift */ = {isa = PBXFileReference; lastKnownFileType = sourcecode.swift; path = SearchResultsModel.swift; sourceTree = "<group>"; };
		1D29573726F2DB0700B40E2B /* TableViewCell.swift */ = {isa = PBXFileReference; lastKnownFileType = sourcecode.swift; path = TableViewCell.swift; sourceTree = "<group>"; };
		1D2E4AA42757C7F8002729E4 /* PercentageChangeModel.swift */ = {isa = PBXFileReference; lastKnownFileType = sourcecode.swift; path = PercentageChangeModel.swift; sourceTree = "<group>"; };
		1D2E4AA62757DDA0002729E4 /* CandleCoordinator.swift */ = {isa = PBXFileReference; lastKnownFileType = sourcecode.swift; path = CandleCoordinator.swift; sourceTree = "<group>"; };
		1D32802C2701C1AB00C60A6C /* Animations.swift */ = {isa = PBXFileReference; lastKnownFileType = sourcecode.swift; path = Animations.swift; sourceTree = "<group>"; };
		1D469FA12758AC800073978D /* BackgroundView.swift */ = {isa = PBXFileReference; lastKnownFileType = sourcecode.swift; path = BackgroundView.swift; sourceTree = "<group>"; };
		1D54094A274815DE004D0501 /* AlgorithmBook.swift */ = {isa = PBXFileReference; lastKnownFileType = sourcecode.swift; path = AlgorithmBook.swift; sourceTree = "<group>"; };
		1D57BE9526F7AC2A0074087D /* EasyConstraints.swift */ = {isa = PBXFileReference; lastKnownFileType = sourcecode.swift; path = EasyConstraints.swift; sourceTree = "<group>"; };
		1D67EF0F27086392005E1016 /* DisplayLabelsView.swift */ = {isa = PBXFileReference; lastKnownFileType = sourcecode.swift; path = DisplayLabelsView.swift; sourceTree = "<group>"; };
		1D67EF1127086441005E1016 /* DateViews.swift */ = {isa = PBXFileReference; lastKnownFileType = sourcecode.swift; path = DateViews.swift; sourceTree = "<group>"; };
		1D6B9361271D641F009B012E /* GraphRendererModel.swift */ = {isa = PBXFileReference; lastKnownFileType = sourcecode.swift; path = GraphRendererModel.swift; sourceTree = "<group>"; };
		1D6B9364271D841B009B012E /* GraphTests.swift */ = {isa = PBXFileReference; lastKnownFileType = sourcecode.swift; path = GraphTests.swift; sourceTree = "<group>"; };
		1D6D33DB27077063009A86EA /* Date+Extensions.swift */ = {isa = PBXFileReference; lastKnownFileType = sourcecode.swift; path = "Date+Extensions.swift"; sourceTree = "<group>"; };
		1D72D2A227006D93004BBC50 /* TitleView.swift */ = {isa = PBXFileReference; lastKnownFileType = sourcecode.swift; path = TitleView.swift; sourceTree = "<group>"; };
		1D72D2A427006E0A004BBC50 /* ViewFactoryProtocol.swift */ = {isa = PBXFileReference; lastKnownFileType = sourcecode.swift; path = ViewFactoryProtocol.swift; sourceTree = "<group>"; };
		1D72D2A62700D01E004BBC50 /* Extensions.swift */ = {isa = PBXFileReference; lastKnownFileType = sourcecode.swift; path = Extensions.swift; sourceTree = "<group>"; };
		1D784AFF275A490F00F91392 /* Jia Jie's DCA Calculator.entitlements */ = {isa = PBXFileReference; lastKnownFileType = text.plist.entitlements; path = "Jia Jie's DCA Calculator.entitlements"; sourceTree = "<group>"; };
		1D784B01275A493700F91392 /* CloudKit.framework */ = {isa = PBXFileReference; lastKnownFileType = wrapper.framework; name = CloudKit.framework; path = System/Library/Frameworks/CloudKit.framework; sourceTree = SDKROOT; };
		1D784B03275A4C7600F91392 /* CloudKitViewController.swift */ = {isa = PBXFileReference; lastKnownFileType = sourcecode.swift; path = CloudKitViewController.swift; sourceTree = "<group>"; };
		1D784B07275A68F600F91392 /* CloudKitUtility.swift */ = {isa = PBXFileReference; lastKnownFileType = sourcecode.swift; path = CloudKitUtility.swift; sourceTree = "<group>"; };
		1D784B09275A74EC00F91392 /* CloudCRUD.swift */ = {isa = PBXFileReference; lastKnownFileType = sourcecode.swift; path = CloudCRUD.swift; sourceTree = "<group>"; };
		1D7927A7275B4A3E00DD2E6B /* FetchLatest.swift */ = {isa = PBXFileReference; lastKnownFileType = sourcecode.swift; path = FetchLatest.swift; sourceTree = "<group>"; };
		1D7927A9275B516D00DD2E6B /* OHLCCloudElement.swift */ = {isa = PBXFileReference; lastKnownFileType = sourcecode.swift; path = OHLCCloudElement.swift; sourceTree = "<group>"; };
		1D8021D126FF026D0004F668 /* CoordinatorProtocol.swift */ = {isa = PBXFileReference; lastKnownFileType = sourcecode.swift; path = CoordinatorProtocol.swift; sourceTree = "<group>"; };
		1D8021D326FF038A0004F668 /* NavigationCoordinator.swift */ = {isa = PBXFileReference; lastKnownFileType = sourcecode.swift; path = NavigationCoordinator.swift; sourceTree = "<group>"; };
		1D8021D626FF0ABF0004F668 /* CalculatorCoordinator.swift */ = {isa = PBXFileReference; lastKnownFileType = sourcecode.swift; path = CalculatorCoordinator.swift; sourceTree = "<group>"; };
		1D8021D826FF102A0004F668 /* DIContainer.swift */ = {isa = PBXFileReference; lastKnownFileType = sourcecode.swift; path = DIContainer.swift; sourceTree = "<group>"; };
		1D85ED56270B64CE00D6D4C1 /* LineGraphView.swift */ = {isa = PBXFileReference; lastKnownFileType = sourcecode.swift; path = LineGraphView.swift; sourceTree = "<group>"; };
		1D85ED58270B67A600D6D4C1 /* Double+Extensions.swift */ = {isa = PBXFileReference; lastKnownFileType = sourcecode.swift; path = "Double+Extensions.swift"; sourceTree = "<group>"; };
		1D85ED5A270B69E500D6D4C1 /* YAxisView.swift */ = {isa = PBXFileReference; lastKnownFileType = sourcecode.swift; path = YAxisView.swift; sourceTree = "<group>"; };
		1D8888FE26EF9A28003B43CE /* Logger.swift */ = {isa = PBXFileReference; lastKnownFileType = sourcecode.swift; path = Logger.swift; sourceTree = "<group>"; };
		1D88890026EFB501003B43CE /* GlobalVariables.swift */ = {isa = PBXFileReference; lastKnownFileType = sourcecode.swift; path = GlobalVariables.swift; sourceTree = "<group>"; };
		1D88890226EFB79E003B43CE /* DCACalculatorModel.swift */ = {isa = PBXFileReference; lastKnownFileType = sourcecode.swift; path = DCACalculatorModel.swift; sourceTree = "<group>"; };
		1D8897E82708B5EF005131B0 /* GraphView.swift */ = {isa = PBXFileReference; lastKnownFileType = sourcecode.swift; path = GraphView.swift; sourceTree = "<group>"; };
		1D8897EA2708B86F005131B0 /* ViewModel.swift */ = {isa = PBXFileReference; lastKnownFileType = sourcecode.swift; path = ViewModel.swift; sourceTree = "<group>"; };
		1D911E4D2732867300444991 /* TabViewController.swift */ = {isa = PBXFileReference; lastKnownFileType = sourcecode.swift; path = TabViewController.swift; sourceTree = "<group>"; };
		1D911E4F2732878900444991 /* CustomTabView.swift */ = {isa = PBXFileReference; lastKnownFileType = sourcecode.swift; path = CustomTabView.swift; sourceTree = "<group>"; };
		1D911E51273289BA00444991 /* TabViewModel.swift */ = {isa = PBXFileReference; lastKnownFileType = sourcecode.swift; path = TabViewModel.swift; sourceTree = "<group>"; };
		1D911E532732E1C800444991 /* HomeViewController.swift */ = {isa = PBXFileReference; lastKnownFileType = sourcecode.swift; path = HomeViewController.swift; sourceTree = "<group>"; };
		1D92AE83274E86150076F449 /* MovingAverageView.swift */ = {isa = PBXFileReference; lastKnownFileType = sourcecode.swift; path = MovingAverageView.swift; sourceTree = "<group>"; };
		1D92AE85274E86450076F449 /* TradingVolumeView.swift */ = {isa = PBXFileReference; lastKnownFileType = sourcecode.swift; path = TradingVolumeView.swift; sourceTree = "<group>"; };
		1D9CF74B2745784A00D33DB8 /* SingleCandleView.swift */ = {isa = PBXFileReference; lastKnownFileType = sourcecode.swift; path = SingleCandleView.swift; sourceTree = "<group>"; };
		1DA32BF02756172900055702 /* RSIModel.swift */ = {isa = PBXFileReference; lastKnownFileType = sourcecode.swift; path = RSIModel.swift; sourceTree = "<group>"; };
		1DA32BF22756659500055702 /* BollingerBandsModel.swift */ = {isa = PBXFileReference; lastKnownFileType = sourcecode.swift; path = BollingerBandsModel.swift; sourceTree = "<group>"; };
		1DB20750274FDCE60015B1B7 /* ChartLibrary.swift */ = {isa = PBXFileReference; lastKnownFileType = sourcecode.swift; path = ChartLibrary.swift; sourceTree = "<group>"; };
		1DB5413526F1E857001FBC77 /* DCAResultModel.swift */ = {isa = PBXFileReference; lastKnownFileType = sourcecode.swift; path = DCAResultModel.swift; sourceTree = "<group>"; };
		1DB5413726F1EA52001FBC77 /* Protocols.swift */ = {isa = PBXFileReference; lastKnownFileType = sourcecode.swift; path = Protocols.swift; sourceTree = "<group>"; };
		1DC3C9D3273BAFF200900600 /* CandleViewController.swift */ = {isa = PBXFileReference; lastKnownFileType = sourcecode.swift; path = CandleViewController.swift; sourceTree = "<group>"; };
		1DC3C9D6273BB0F000900600 /* CandleViewModel.swift */ = {isa = PBXFileReference; lastKnownFileType = sourcecode.swift; path = CandleViewModel.swift; sourceTree = "<group>"; };
		1DC3C9D8273BB10900900600 /* CandleView.swift */ = {isa = PBXFileReference; lastKnownFileType = sourcecode.swift; path = CandleView.swift; sourceTree = "<group>"; };
		1DC3C9DA273BB1DA00900600 /* IntradayModel.swift */ = {isa = PBXFileReference; lastKnownFileType = sourcecode.swift; path = IntradayModel.swift; sourceTree = "<group>"; };
		1DC3C9DC273BB98F00900600 /* DailyModel.swift */ = {isa = PBXFileReference; lastKnownFileType = sourcecode.swift; path = DailyModel.swift; sourceTree = "<group>"; };
		1DC3C9DE273BBA2F00900600 /* CandleAPI.swift */ = {isa = PBXFileReference; lastKnownFileType = sourcecode.swift; path = CandleAPI.swift; sourceTree = "<group>"; };
		1DC3C9E0273BC13000900600 /* CandleModel.swift */ = {isa = PBXFileReference; lastKnownFileType = sourcecode.swift; path = CandleModel.swift; sourceTree = "<group>"; };
		1DC9EAB2274A5138000E8D86 /* CandleModeView.swift */ = {isa = PBXFileReference; lastKnownFileType = sourcecode.swift; path = CandleModeView.swift; sourceTree = "<group>"; };
		1DCAEF5F26FCB40000BFB251 /* BodyView.swift */ = {isa = PBXFileReference; lastKnownFileType = sourcecode.swift; path = BodyView.swift; sourceTree = "<group>"; };
		1DD26EE2272C536600BEDF32 /* DateIndicatorModel.swift */ = {isa = PBXFileReference; lastKnownFileType = sourcecode.swift; path = DateIndicatorModel.swift; sourceTree = "<group>"; };
		1DD26EE4272C553100BEDF32 /* DateIndicatorView.swift */ = {isa = PBXFileReference; lastKnownFileType = sourcecode.swift; path = DateIndicatorView.swift; sourceTree = "<group>"; };
		1DD94B35273A71B900A7DC15 /* SingleBarRenderer.swift */ = {isa = PBXFileReference; lastKnownFileType = sourcecode.swift; path = SingleBarRenderer.swift; sourceTree = "<group>"; };
		1DDE4AEE271DDC0300858560 /* IndicatorModel.swift */ = {isa = PBXFileReference; lastKnownFileType = sourcecode.swift; path = IndicatorModel.swift; sourceTree = "<group>"; };
		1DDF323B2737C73F00451CD1 /* BarGraphRenderer.swift */ = {isa = PBXFileReference; lastKnownFileType = sourcecode.swift; path = BarGraphRenderer.swift; sourceTree = "<group>"; };
		1DEE65D0274171F8009F1C96 /* DailyOHLCHandler.swift */ = {isa = PBXFileReference; lastKnownFileType = sourcecode.swift; path = DailyOHLCHandler.swift; sourceTree = "<group>"; };
		1DF13C6327183898005C7CB7 /* IndicatorView.swift */ = {isa = PBXFileReference; lastKnownFileType = sourcecode.swift; path = IndicatorView.swift; sourceTree = "<group>"; };
		1DF13C6527183D11005C7CB7 /* SwitchModeButtonView.swift */ = {isa = PBXFileReference; lastKnownFileType = sourcecode.swift; path = SwitchModeButtonView.swift; sourceTree = "<group>"; };
		1DF696D8274E57AC00261EB6 /* MovingAverageModel.swift */ = {isa = PBXFileReference; lastKnownFileType = sourcecode.swift; path = MovingAverageModel.swift; sourceTree = "<group>"; };
		1DFDEC3D275A1F8D00776CA8 /* BotAccountCorodinator.swift */ = {isa = PBXFileReference; lastKnownFileType = sourcecode.swift; path = BotAccountCorodinator.swift; sourceTree = "<group>"; };
/* End PBXFileReference section */

/* Begin PBXFrameworksBuildPhase section */
		1D25E31726EDD83A00EA4225 /* Frameworks */ = {
			isa = PBXFrameworksBuildPhase;
			buildActionMask = 2147483647;
			files = (
				1D784B02275A493700F91392 /* CloudKit.framework in Frameworks */,
			);
			runOnlyForDeploymentPostprocessing = 0;
		};
		1D260F5927117CF300099DA8 /* Frameworks */ = {
			isa = PBXFrameworksBuildPhase;
			buildActionMask = 2147483647;
			files = (
			);
			runOnlyForDeploymentPostprocessing = 0;
		};
		1D260F6727117E5500099DA8 /* Frameworks */ = {
			isa = PBXFrameworksBuildPhase;
			buildActionMask = 2147483647;
			files = (
			);
			runOnlyForDeploymentPostprocessing = 0;
		};
/* End PBXFrameworksBuildPhase section */

/* Begin PBXGroup section */
		1D12102B2736F95D00B58B67 /* SwiftUI_FinancialsView */ = {
			isa = PBXGroup;
			children = (
				1D12102C2736F98100B58B67 /* FinancialsViewModel.swift */,
				1D1210302736FE4000B58B67 /* FinancialModel.swift */,
				1DDF323B2737C73F00451CD1 /* BarGraphRenderer.swift */,
				1D187F6E2738468500F4B594 /* PieChartRenderer.swift */,
				1D12102E2736FA4200B58B67 /* ROEView.swift */,
				1DD94B35273A71B900A7DC15 /* SingleBarRenderer.swift */,
			);
			path = SwiftUI_FinancialsView;
			sourceTree = "<group>";
		};
		1D18DDCD2758D9B30061A7AD /* TradeBot */ = {
			isa = PBXGroup;
			children = (
				1D7927A7275B4A3E00DD2E6B /* FetchLatest.swift */,
				1D18DDCE2758D9C80061A7AD /* TradeBot.swift */,
				1D7927A9275B516D00DD2E6B /* OHLCCloudElement.swift */,
				1D18DDD6275932940061A7AD /* BotViewController.swift */,
				1DFDEC3D275A1F8D00776CA8 /* BotAccountCorodinator.swift */,
				1D18DDD8275932BB0061A7AD /* BotViewModel.swift */,
			);
			path = TradeBot;
			sourceTree = "<group>";
		};
		1D2425AE27575DEE003A9755 /* Charts */ = {
			isa = PBXGroup;
			children = (
				1DB20750274FDCE60015B1B7 /* ChartLibrary.swift */,
				1D2425B127575EB1003A9755 /* YPositionFactory.swift */,
				1D2425AF27575E49003A9755 /* ControlPoints.swift */,
			);
			path = Charts;
			sourceTree = "<group>";
		};
		1D25E31126EDD83A00EA4225 = {
			isa = PBXGroup;
			children = (
				1D25E31C26EDD83A00EA4225 /* Jia Jie's DCA Calculator */,
				1D260F5D27117CF300099DA8 /* Jia Jie's DCA CalculatorTests */,
				1D260F6B27117E5500099DA8 /* Jia Jie's DCA CalculatorUITests */,
				1D25E31B26EDD83A00EA4225 /* Products */,
				1D784B00275A493700F91392 /* Frameworks */,
			);
			sourceTree = "<group>";
		};
		1D25E31B26EDD83A00EA4225 /* Products */ = {
			isa = PBXGroup;
			children = (
				1D25E31A26EDD83A00EA4225 /* Jia Jie's DCA Calculator.app */,
				1D260F5C27117CF300099DA8 /* Jia Jie's DCA CalculatorTests.xctest */,
				1D260F6A27117E5500099DA8 /* Jia Jie's DCA CalculatorUITests.xctest */,
			);
			name = Products;
			sourceTree = "<group>";
		};
		1D25E31C26EDD83A00EA4225 /* Jia Jie's DCA Calculator */ = {
			isa = PBXGroup;
			children = (
				1D784AFF275A490F00F91392 /* Jia Jie's DCA Calculator.entitlements */,
				1D911E4A2732842600444991 /* SearchPage */,
				1D25E31D26EDD83A00EA4225 /* AppDelegate.swift */,
				1D911E4D2732867300444991 /* TabViewController.swift */,
				1D911E532732E1C800444991 /* HomeViewController.swift */,
				1D911E51273289BA00444991 /* TabViewModel.swift */,
				1D911E4F2732878900444991 /* CustomTabView.swift */,
				1D25E31F26EDD83A00EA4225 /* SceneDelegate.swift */,
				1D8021D126FF026D0004F668 /* CoordinatorProtocol.swift */,
				1D25E32826EDD83D00EA4225 /* LaunchScreen.storyboard */,
				1DB5413B26F1F27C001FBC77 /* Utilities */,
				1D25E32B26EDD83D00EA4225 /* Info.plist */,
			);
			path = "Jia Jie's DCA Calculator";
			sourceTree = "<group>";
		};
		1D260F5D27117CF300099DA8 /* Jia Jie's DCA CalculatorTests */ = {
			isa = PBXGroup;
			children = (
				1D260F5E27117CF300099DA8 /* Jia_Jie_s_DCA_CalculatorTests.swift */,
				1D6B9364271D841B009B012E /* GraphTests.swift */,
				1D260F6027117CF300099DA8 /* Info.plist */,
			);
			path = "Jia Jie's DCA CalculatorTests";
			sourceTree = "<group>";
		};
		1D260F6B27117E5500099DA8 /* Jia Jie's DCA CalculatorUITests */ = {
			isa = PBXGroup;
			children = (
				1D260F6C27117E5500099DA8 /* Jia_Jie_s_DCA_CalculatorUITests.swift */,
				1D260F6E27117E5500099DA8 /* Info.plist */,
			);
			path = "Jia Jie's DCA CalculatorUITests";
			sourceTree = "<group>";
		};
		1D32802B2701AB0800C60A6C /* BodyView */ = {
			isa = PBXGroup;
			children = (
				1DCAEF5F26FCB40000BFB251 /* BodyView.swift */,
				1D67EF1127086441005E1016 /* DateViews.swift */,
				1D67EF0F27086392005E1016 /* DisplayLabelsView.swift */,
			);
			path = BodyView;
			sourceTree = "<group>";
		};
		1D3BF6FF26FF7C5800528646 /* ViewController */ = {
			isa = PBXGroup;
			children = (
				1D25E32126EDD83A00EA4225 /* SearchViewController.swift */,
				1D1210232736DC2A00B58B67 /* PageViewController.swift */,
				1D1210252736E1F100B58B67 /* FinancialsViewController.swift */,
				1D72D2A62700D01E004BBC50 /* Extensions.swift */,
				1D20600E26F71837007EA13F /* CalculatorViewController.swift */,
				1DC3C9D3273BAFF200900600 /* CandleViewController.swift */,
			);
			path = ViewController;
			sourceTree = "<group>";
		};
		1D6B9363271D642B009B012E /* GraphRendererModel */ = {
			isa = PBXGroup;
			children = (
				1D6B9361271D641F009B012E /* GraphRendererModel.swift */,
				1D0F2C362723F0FB00EE5803 /* MetaAnalysisModel.swift */,
				1D25E28E2722C58A00CD8E4C /* ZeroPositionModel.swift */,
				1DDE4AEE271DDC0300858560 /* IndicatorModel.swift */,
				1DD26EE2272C536600BEDF32 /* DateIndicatorModel.swift */,
			);
			path = GraphRendererModel;
			sourceTree = "<group>";
		};
		1D784B00275A493700F91392 /* Frameworks */ = {
			isa = PBXGroup;
			children = (
				1D784B01275A493700F91392 /* CloudKit.framework */,
			);
			name = Frameworks;
			sourceTree = "<group>";
		};
		1D8021D526FF039B0004F668 /* NavigationCoordinator */ = {
			isa = PBXGroup;
			children = (
				1D8021D326FF038A0004F668 /* NavigationCoordinator.swift */,
				1D8021D626FF0ABF0004F668 /* CalculatorCoordinator.swift */,
				1D2425B327576566003A9755 /* PageCoordinator.swift */,
				1DEE65D0274171F8009F1C96 /* DailyOHLCHandler.swift */,
				1D2E4AA62757DDA0002729E4 /* CandleCoordinator.swift */,
			);
			path = NavigationCoordinator;
			sourceTree = "<group>";
		};
		1D8897EC2708B87B005131B0 /* SwiftUIComponents */ = {
			isa = PBXGroup;
			children = (
				1D8897E82708B5EF005131B0 /* GraphView.swift */,
				1DD26EE4272C553100BEDF32 /* DateIndicatorView.swift */,
				1D85ED5A270B69E500D6D4C1 /* YAxisView.swift */,
				1D85ED56270B64CE00D6D4C1 /* LineGraphView.swift */,
				1DF13C6327183898005C7CB7 /* IndicatorView.swift */,
				1D8897EA2708B86F005131B0 /* ViewModel.swift */,
				1DF13C6727183D29005C7CB7 /* AccessoryViews */,
			);
			path = SwiftUIComponents;
			sourceTree = "<group>";
		};
		1D911E4A2732842600444991 /* SearchPage */ = {
			isa = PBXGroup;
			children = (
				1DB5413A26F1F252001FBC77 /* APIModel */,
				1DB5413926F1F22C001FBC77 /* DCAModel */,
				1D6B9363271D642B009B012E /* GraphRendererModel */,
				1DCAEF6126FCC36B00BFB251 /* Views */,
				1D8897EC2708B87B005131B0 /* SwiftUIComponents */,
				1D12102B2736F95D00B58B67 /* SwiftUI_FinancialsView */,
				1D8021D526FF039B0004F668 /* NavigationCoordinator */,
				1D3BF6FF26FF7C5800528646 /* ViewController */,
				1DA32BEF2756171000055702 /* TechnicalIndicators */,
				1D2425AE27575DEE003A9755 /* Charts */,
				1DFDEC3F275A1FE200776CA8 /* CloudKit */,
				1D18DDCD2758D9B30061A7AD /* TradeBot */,
				1DC3C9D5273BB0CC00900600 /* SwiftUI_CandleView */,
			);
			path = SearchPage;
			sourceTree = "<group>";
		};
		1DA32BEF2756171000055702 /* TechnicalIndicators */ = {
			isa = PBXGroup;
			children = (
				1DA32BF02756172900055702 /* RSIModel.swift */,
				1DA32BF22756659500055702 /* BollingerBandsModel.swift */,
				1D2E4AA42757C7F8002729E4 /* PercentageChangeModel.swift */,
				1DF696D8274E57AC00261EB6 /* MovingAverageModel.swift */,
			);
			path = TechnicalIndicators;
			sourceTree = "<group>";
		};
		1DB5413926F1F22C001FBC77 /* DCAModel */ = {
			isa = PBXGroup;
			children = (
				1D88890226EFB79E003B43CE /* DCACalculatorModel.swift */,
				1D0F2C342723EF8A00EE5803 /* DCAResultMeta.swift */,
				1DB5413526F1E857001FBC77 /* DCAResultModel.swift */,
				1DB5413726F1EA52001FBC77 /* Protocols.swift */,
			);
			path = DCAModel;
			sourceTree = "<group>";
		};
		1DB5413A26F1F252001FBC77 /* APIModel */ = {
			isa = PBXGroup;
			children = (
				1D25E33126EDF47A00EA4225 /* API.swift */,
				1D1210272736E8CA00B58B67 /* FinancialsAPI.swift */,
				1D1210292736E8FF00B58B67 /* FinancialsModel.swift */,
				1D29573526F2D7D400B40E2B /* SearchResultsModel.swift */,
				1D25E33526EDF85A00EA4225 /* TimeSeriesMonthlyAdjustedModel.swift */,
				1DC3C9DA273BB1DA00900600 /* IntradayModel.swift */,
				1DC3C9DC273BB98F00900600 /* DailyModel.swift */,
				1DC3C9DE273BBA2F00900600 /* CandleAPI.swift */,
			);
			path = APIModel;
			sourceTree = "<group>";
		};
		1DB5413B26F1F27C001FBC77 /* Utilities */ = {
			isa = PBXGroup;
			children = (
				1D85ED58270B67A600D6D4C1 /* Double+Extensions.swift */,
				1D6D33DB27077063009A86EA /* Date+Extensions.swift */,
				1D8021D826FF102A0004F668 /* DIContainer.swift */,
				1D57BE9526F7AC2A0074087D /* EasyConstraints.swift */,
				1D8888FE26EF9A28003B43CE /* Logger.swift */,
				1D88890026EFB501003B43CE /* GlobalVariables.swift */,
				1D1A016727325493005449A2 /* ScaleFactor.swift */,
			);
			path = Utilities;
			sourceTree = "<group>";
		};
		1DC3C9D5273BB0CC00900600 /* SwiftUI_CandleView */ = {
			isa = PBXGroup;
			children = (
				1DC3C9D6273BB0F000900600 /* CandleViewModel.swift */,
				1DC3C9D8273BB10900900600 /* CandleView.swift */,
				1D469FA12758AC800073978D /* BackgroundView.swift */,
				1D92AE83274E86150076F449 /* MovingAverageView.swift */,
				1D92AE85274E86450076F449 /* TradingVolumeView.swift */,
				1DC9EAB2274A5138000E8D86 /* CandleModeView.swift */,
				1D54094A274815DE004D0501 /* AlgorithmBook.swift */,
				1D9CF74B2745784A00D33DB8 /* SingleCandleView.swift */,
				1D06C6B12744125D00374255 /* CandleIndicatorView.swift */,
				1DC3C9E0273BC13000900600 /* CandleModel.swift */,
				1D06C6AF27440DC900374255 /* CandleIndicator.swift */,
			);
			path = SwiftUI_CandleView;
			sourceTree = "<group>";
		};
		1DCAEF6126FCC36B00BFB251 /* Views */ = {
			isa = PBXGroup;
			children = (
				1D72D2A227006D93004BBC50 /* TitleView.swift */,
				1D32802B2701AB0800C60A6C /* BodyView */,
				1D29573726F2DB0700B40E2B /* TableViewCell.swift */,
				1D72D2A427006E0A004BBC50 /* ViewFactoryProtocol.swift */,
				1D32802C2701C1AB00C60A6C /* Animations.swift */,
			);
			path = Views;
			sourceTree = "<group>";
		};
		1DF13C6727183D29005C7CB7 /* AccessoryViews */ = {
			isa = PBXGroup;
			children = (
				1DF13C6527183D11005C7CB7 /* SwitchModeButtonView.swift */,
			);
			path = AccessoryViews;
			sourceTree = "<group>";
		};
		1DFDEC3F275A1FE200776CA8 /* CloudKit */ = {
			isa = PBXGroup;
			children = (
				1D784B03275A4C7600F91392 /* CloudKitViewController.swift */,
				1D784B07275A68F600F91392 /* CloudKitUtility.swift */,
				1D784B09275A74EC00F91392 /* CloudCRUD.swift */,
			);
			path = CloudKit;
			sourceTree = "<group>";
		};
/* End PBXGroup section */

/* Begin PBXNativeTarget section */
		1D25E31926EDD83A00EA4225 /* Jia Jie's DCA Calculator */ = {
			isa = PBXNativeTarget;
			buildConfigurationList = 1D25E32E26EDD83D00EA4225 /* Build configuration list for PBXNativeTarget "Jia Jie's DCA Calculator" */;
			buildPhases = (
				1D25E31626EDD83A00EA4225 /* Sources */,
				1D25E31726EDD83A00EA4225 /* Frameworks */,
				1D25E31826EDD83A00EA4225 /* Resources */,
			);
			buildRules = (
			);
			dependencies = (
			);
			name = "Jia Jie's DCA Calculator";
			productName = "Jia Jie's DCA Calculator";
			productReference = 1D25E31A26EDD83A00EA4225 /* Jia Jie's DCA Calculator.app */;
			productType = "com.apple.product-type.application";
		};
		1D260F5B27117CF300099DA8 /* Jia Jie's DCA CalculatorTests */ = {
			isa = PBXNativeTarget;
			buildConfigurationList = 1D260F6527117CF300099DA8 /* Build configuration list for PBXNativeTarget "Jia Jie's DCA CalculatorTests" */;
			buildPhases = (
				1D260F5827117CF300099DA8 /* Sources */,
				1D260F5927117CF300099DA8 /* Frameworks */,
				1D260F5A27117CF300099DA8 /* Resources */,
			);
			buildRules = (
			);
			dependencies = (
				1D260F6227117CF300099DA8 /* PBXTargetDependency */,
			);
			name = "Jia Jie's DCA CalculatorTests";
			productName = "Jia Jie's DCA CalculatorTests";
			productReference = 1D260F5C27117CF300099DA8 /* Jia Jie's DCA CalculatorTests.xctest */;
			productType = "com.apple.product-type.bundle.unit-test";
		};
		1D260F6927117E5500099DA8 /* Jia Jie's DCA CalculatorUITests */ = {
			isa = PBXNativeTarget;
			buildConfigurationList = 1D260F7127117E5500099DA8 /* Build configuration list for PBXNativeTarget "Jia Jie's DCA CalculatorUITests" */;
			buildPhases = (
				1D260F6627117E5500099DA8 /* Sources */,
				1D260F6727117E5500099DA8 /* Frameworks */,
				1D260F6827117E5500099DA8 /* Resources */,
			);
			buildRules = (
			);
			dependencies = (
				1D260F7027117E5500099DA8 /* PBXTargetDependency */,
			);
			name = "Jia Jie's DCA CalculatorUITests";
			productName = "Jia Jie's DCA CalculatorUITests";
			productReference = 1D260F6A27117E5500099DA8 /* Jia Jie's DCA CalculatorUITests.xctest */;
			productType = "com.apple.product-type.bundle.ui-testing";
		};
/* End PBXNativeTarget section */

/* Begin PBXProject section */
		1D25E31226EDD83A00EA4225 /* Project object */ = {
			isa = PBXProject;
			attributes = {
				LastSwiftUpdateCheck = 1250;
				LastUpgradeCheck = 1250;
				TargetAttributes = {
					1D25E31926EDD83A00EA4225 = {
						CreatedOnToolsVersion = 12.5.1;
					};
					1D260F5B27117CF300099DA8 = {
						CreatedOnToolsVersion = 12.5.1;
						TestTargetID = 1D25E31926EDD83A00EA4225;
					};
					1D260F6927117E5500099DA8 = {
						CreatedOnToolsVersion = 12.5.1;
						TestTargetID = 1D25E31926EDD83A00EA4225;
					};
				};
			};
			buildConfigurationList = 1D25E31526EDD83A00EA4225 /* Build configuration list for PBXProject "Jia Jie's DCA Calculator" */;
			compatibilityVersion = "Xcode 9.3";
			developmentRegion = en;
			hasScannedForEncodings = 0;
			knownRegions = (
				en,
				Base,
			);
			mainGroup = 1D25E31126EDD83A00EA4225;
			productRefGroup = 1D25E31B26EDD83A00EA4225 /* Products */;
			projectDirPath = "";
			projectRoot = "";
			targets = (
				1D25E31926EDD83A00EA4225 /* Jia Jie's DCA Calculator */,
				1D260F5B27117CF300099DA8 /* Jia Jie's DCA CalculatorTests */,
				1D260F6927117E5500099DA8 /* Jia Jie's DCA CalculatorUITests */,
			);
		};
/* End PBXProject section */

/* Begin PBXResourcesBuildPhase section */
		1D25E31826EDD83A00EA4225 /* Resources */ = {
			isa = PBXResourcesBuildPhase;
			buildActionMask = 2147483647;
			files = (
				1D25E32A26EDD83D00EA4225 /* LaunchScreen.storyboard in Resources */,
			);
			runOnlyForDeploymentPostprocessing = 0;
		};
		1D260F5A27117CF300099DA8 /* Resources */ = {
			isa = PBXResourcesBuildPhase;
			buildActionMask = 2147483647;
			files = (
			);
			runOnlyForDeploymentPostprocessing = 0;
		};
		1D260F6827117E5500099DA8 /* Resources */ = {
			isa = PBXResourcesBuildPhase;
			buildActionMask = 2147483647;
			files = (
			);
			runOnlyForDeploymentPostprocessing = 0;
		};
/* End PBXResourcesBuildPhase section */

/* Begin PBXSourcesBuildPhase section */
		1D25E31626EDD83A00EA4225 /* Sources */ = {
			isa = PBXSourcesBuildPhase;
			buildActionMask = 2147483647;
			files = (
				1D2425B027575E49003A9755 /* ControlPoints.swift in Sources */,
				1DB20751274FDCE60015B1B7 /* ChartLibrary.swift in Sources */,
				1D1210262736E1F100B58B67 /* FinancialsViewController.swift in Sources */,
				1DF13C6427183898005C7CB7 /* IndicatorView.swift in Sources */,
				1DF13C6627183D11005C7CB7 /* SwitchModeButtonView.swift in Sources */,
				1D8021D426FF038A0004F668 /* NavigationCoordinator.swift in Sources */,
				1D67EF1227086441005E1016 /* DateViews.swift in Sources */,
				1DDF323C2737C73F00451CD1 /* BarGraphRenderer.swift in Sources */,
				1D92AE86274E86450076F449 /* TradingVolumeView.swift in Sources */,
				1D8021D226FF026D0004F668 /* CoordinatorProtocol.swift in Sources */,
				1D88890326EFB79E003B43CE /* DCACalculatorModel.swift in Sources */,
				1D25E28F2722C58A00CD8E4C /* ZeroPositionModel.swift in Sources */,
				1DF696D9274E57AC00261EB6 /* MovingAverageModel.swift in Sources */,
				1D1A016827325493005449A2 /* ScaleFactor.swift in Sources */,
				1D8897E92708B5EF005131B0 /* GraphView.swift in Sources */,
				1D29573826F2DB0700B40E2B /* TableViewCell.swift in Sources */,
				1D54094B274815DE004D0501 /* AlgorithmBook.swift in Sources */,
				1D187F6F2738468500F4B594 /* PieChartRenderer.swift in Sources */,
				1D29573626F2D7D400B40E2B /* SearchResultsModel.swift in Sources */,
				1D784B04275A4C7600F91392 /* CloudKitViewController.swift in Sources */,
				1D67EF1027086392005E1016 /* DisplayLabelsView.swift in Sources */,
				1DFDEC3E275A1F8D00776CA8 /* BotAccountCorodinator.swift in Sources */,
				1D469FA22758AC800073978D /* BackgroundView.swift in Sources */,
				1DD26EE5272C553100BEDF32 /* DateIndicatorView.swift in Sources */,
				1D25E32226EDD83A00EA4225 /* SearchViewController.swift in Sources */,
				1D12102A2736E8FF00B58B67 /* FinancialsModel.swift in Sources */,
				1D8888FF26EF9A28003B43CE /* Logger.swift in Sources */,
				1D0F2C352723EF8A00EE5803 /* DCAResultMeta.swift in Sources */,
				1D18DDD9275932BB0061A7AD /* BotViewModel.swift in Sources */,
				1D784B08275A68F600F91392 /* CloudKitUtility.swift in Sources */,
				1D25E31E26EDD83A00EA4225 /* AppDelegate.swift in Sources */,
				1DCAEF6026FCB40000BFB251 /* BodyView.swift in Sources */,
				1D72D2A72700D01E004BBC50 /* Extensions.swift in Sources */,
				1D2E4AA72757DDA0002729E4 /* CandleCoordinator.swift in Sources */,
				1D25E33626EDF85A00EA4225 /* TimeSeriesMonthlyAdjustedModel.swift in Sources */,
				1D12102F2736FA4200B58B67 /* ROEView.swift in Sources */,
				1DD26EE3272C536600BEDF32 /* DateIndicatorModel.swift in Sources */,
				1D911E4E2732867300444991 /* TabViewController.swift in Sources */,
				1DB5413826F1EA52001FBC77 /* Protocols.swift in Sources */,
				1DC3C9D4273BAFF200900600 /* CandleViewController.swift in Sources */,
				1DC3C9E1273BC13000900600 /* CandleModel.swift in Sources */,
				1D1210312736FE4000B58B67 /* FinancialModel.swift in Sources */,
				1D6B9362271D641F009B012E /* GraphRendererModel.swift in Sources */,
				1D88890126EFB501003B43CE /* GlobalVariables.swift in Sources */,
				1D85ED57270B64CE00D6D4C1 /* LineGraphView.swift in Sources */,
				1D2E4AA52757C7F8002729E4 /* PercentageChangeModel.swift in Sources */,
				1D8021D726FF0ABF0004F668 /* CalculatorCoordinator.swift in Sources */,
				1D2425B427576566003A9755 /* PageCoordinator.swift in Sources */,
				1D2425B227575EB1003A9755 /* YPositionFactory.swift in Sources */,
				1D25E32026EDD83A00EA4225 /* SceneDelegate.swift in Sources */,
				1D06C6B22744125D00374255 /* CandleIndicatorView.swift in Sources */,
				1D911E542732E1C800444991 /* HomeViewController.swift in Sources */,
				1D18DDCF2758D9C80061A7AD /* TradeBot.swift in Sources */,
				1D911E52273289BA00444991 /* TabViewModel.swift in Sources */,
				1D7927AA275B516D00DD2E6B /* OHLCCloudElement.swift in Sources */,
				1D18DDD7275932940061A7AD /* BotViewController.swift in Sources */,
				1DC3C9DB273BB1DA00900600 /* IntradayModel.swift in Sources */,
				1DEE65D1274171F8009F1C96 /* DailyOHLCHandler.swift in Sources */,
				1D911E502732878900444991 /* CustomTabView.swift in Sources */,
				1D06C6B027440DCA00374255 /* CandleIndicator.swift in Sources */,
				1D85ED59270B67A600D6D4C1 /* Double+Extensions.swift in Sources */,
				1D20600F26F71837007EA13F /* CalculatorViewController.swift in Sources */,
				1DA32BF32756659500055702 /* BollingerBandsModel.swift in Sources */,
				1DDE4AEF271DDC0300858560 /* IndicatorModel.swift in Sources */,
				1D9CF74C2745784A00D33DB8 /* SingleCandleView.swift in Sources */,
				1D8897EB2708B86F005131B0 /* ViewModel.swift in Sources */,
				1D12102D2736F98100B58B67 /* FinancialsViewModel.swift in Sources */,
				1DB5413626F1E857001FBC77 /* DCAResultModel.swift in Sources */,
				1DC3C9DD273BB98F00900600 /* DailyModel.swift in Sources */,
				1DC3C9D7273BB0F000900600 /* CandleViewModel.swift in Sources */,
				1D1210282736E8CA00B58B67 /* FinancialsAPI.swift in Sources */,
				1D32802D2701C1AB00C60A6C /* Animations.swift in Sources */,
				1D72D2A327006D93004BBC50 /* TitleView.swift in Sources */,
				1D1210242736DC2A00B58B67 /* PageViewController.swift in Sources */,
				1DC3C9D9273BB10900900600 /* CandleView.swift in Sources */,
				1DD94B36273A71B900A7DC15 /* SingleBarRenderer.swift in Sources */,
				1D7927A8275B4A3E00DD2E6B /* FetchLatest.swift in Sources */,
				1D784B0A275A74EC00F91392 /* CloudCRUD.swift in Sources */,
				1D57BE9626F7AC2A0074087D /* EasyConstraints.swift in Sources */,
				1D0F2C372723F0FB00EE5803 /* MetaAnalysisModel.swift in Sources */,
				1D6D33DC27077063009A86EA /* Date+Extensions.swift in Sources */,
				1D8021D926FF102A0004F668 /* DIContainer.swift in Sources */,
				1D25E33226EDF47A00EA4225 /* API.swift in Sources */,
				1D92AE84274E86150076F449 /* MovingAverageView.swift in Sources */,
				1D85ED5B270B69E500D6D4C1 /* YAxisView.swift in Sources */,
				1DA32BF12756172900055702 /* RSIModel.swift in Sources */,
				1D72D2A527006E0A004BBC50 /* ViewFactoryProtocol.swift in Sources */,
				1DC3C9DF273BBA2F00900600 /* CandleAPI.swift in Sources */,
				1DC9EAB3274A5138000E8D86 /* CandleModeView.swift in Sources */,
			);
			runOnlyForDeploymentPostprocessing = 0;
		};
		1D260F5827117CF300099DA8 /* Sources */ = {
			isa = PBXSourcesBuildPhase;
			buildActionMask = 2147483647;
			files = (
				1D6B9365271D841B009B012E /* GraphTests.swift in Sources */,
				1D260F5F27117CF300099DA8 /* Jia_Jie_s_DCA_CalculatorTests.swift in Sources */,
			);
			runOnlyForDeploymentPostprocessing = 0;
		};
		1D260F6627117E5500099DA8 /* Sources */ = {
			isa = PBXSourcesBuildPhase;
			buildActionMask = 2147483647;
			files = (
				1D260F6D27117E5500099DA8 /* Jia_Jie_s_DCA_CalculatorUITests.swift in Sources */,
			);
			runOnlyForDeploymentPostprocessing = 0;
		};
/* End PBXSourcesBuildPhase section */

/* Begin PBXTargetDependency section */
		1D260F6227117CF300099DA8 /* PBXTargetDependency */ = {
			isa = PBXTargetDependency;
			target = 1D25E31926EDD83A00EA4225 /* Jia Jie's DCA Calculator */;
			targetProxy = 1D260F6127117CF300099DA8 /* PBXContainerItemProxy */;
		};
		1D260F7027117E5500099DA8 /* PBXTargetDependency */ = {
			isa = PBXTargetDependency;
			target = 1D25E31926EDD83A00EA4225 /* Jia Jie's DCA Calculator */;
			targetProxy = 1D260F6F27117E5500099DA8 /* PBXContainerItemProxy */;
		};
/* End PBXTargetDependency section */

/* Begin PBXVariantGroup section */
		1D25E32826EDD83D00EA4225 /* LaunchScreen.storyboard */ = {
			isa = PBXVariantGroup;
			children = (
				1D25E32926EDD83D00EA4225 /* Base */,
			);
			name = LaunchScreen.storyboard;
			sourceTree = "<group>";
		};
/* End PBXVariantGroup section */

/* Begin XCBuildConfiguration section */
		1D25E32C26EDD83D00EA4225 /* Debug */ = {
			isa = XCBuildConfiguration;
			buildSettings = {
				ALWAYS_SEARCH_USER_PATHS = NO;
				CLANG_ANALYZER_NONNULL = YES;
				CLANG_ANALYZER_NUMBER_OBJECT_CONVERSION = YES_AGGRESSIVE;
				CLANG_CXX_LANGUAGE_STANDARD = "gnu++14";
				CLANG_CXX_LIBRARY = "libc++";
				CLANG_ENABLE_MODULES = YES;
				CLANG_ENABLE_OBJC_ARC = YES;
				CLANG_ENABLE_OBJC_WEAK = YES;
				CLANG_WARN_BLOCK_CAPTURE_AUTORELEASING = YES;
				CLANG_WARN_BOOL_CONVERSION = YES;
				CLANG_WARN_COMMA = YES;
				CLANG_WARN_CONSTANT_CONVERSION = YES;
				CLANG_WARN_DEPRECATED_OBJC_IMPLEMENTATIONS = YES;
				CLANG_WARN_DIRECT_OBJC_ISA_USAGE = YES_ERROR;
				CLANG_WARN_DOCUMENTATION_COMMENTS = YES;
				CLANG_WARN_EMPTY_BODY = YES;
				CLANG_WARN_ENUM_CONVERSION = YES;
				CLANG_WARN_INFINITE_RECURSION = YES;
				CLANG_WARN_INT_CONVERSION = YES;
				CLANG_WARN_NON_LITERAL_NULL_CONVERSION = YES;
				CLANG_WARN_OBJC_IMPLICIT_RETAIN_SELF = YES;
				CLANG_WARN_OBJC_LITERAL_CONVERSION = YES;
				CLANG_WARN_OBJC_ROOT_CLASS = YES_ERROR;
				CLANG_WARN_QUOTED_INCLUDE_IN_FRAMEWORK_HEADER = YES;
				CLANG_WARN_RANGE_LOOP_ANALYSIS = YES;
				CLANG_WARN_STRICT_PROTOTYPES = YES;
				CLANG_WARN_SUSPICIOUS_MOVE = YES;
				CLANG_WARN_UNGUARDED_AVAILABILITY = YES_AGGRESSIVE;
				CLANG_WARN_UNREACHABLE_CODE = YES;
				CLANG_WARN__DUPLICATE_METHOD_MATCH = YES;
				COPY_PHASE_STRIP = NO;
				DEBUG_INFORMATION_FORMAT = dwarf;
				ENABLE_STRICT_OBJC_MSGSEND = YES;
				ENABLE_TESTABILITY = YES;
				GCC_C_LANGUAGE_STANDARD = gnu11;
				GCC_DYNAMIC_NO_PIC = NO;
				GCC_NO_COMMON_BLOCKS = YES;
				GCC_OPTIMIZATION_LEVEL = 0;
				GCC_PREPROCESSOR_DEFINITIONS = (
					"DEBUG=1",
					"$(inherited)",
				);
				GCC_WARN_64_TO_32_BIT_CONVERSION = YES;
				GCC_WARN_ABOUT_RETURN_TYPE = YES_ERROR;
				GCC_WARN_UNDECLARED_SELECTOR = YES;
				GCC_WARN_UNINITIALIZED_AUTOS = YES_AGGRESSIVE;
				GCC_WARN_UNUSED_FUNCTION = YES;
				GCC_WARN_UNUSED_VARIABLE = YES;
				IPHONEOS_DEPLOYMENT_TARGET = 14.5;
				MTL_ENABLE_DEBUG_INFO = INCLUDE_SOURCE;
				MTL_FAST_MATH = YES;
				ONLY_ACTIVE_ARCH = YES;
				SDKROOT = iphoneos;
				SWIFT_ACTIVE_COMPILATION_CONDITIONS = DEBUG;
				SWIFT_OPTIMIZATION_LEVEL = "-Onone";
			};
			name = Debug;
		};
		1D25E32D26EDD83D00EA4225 /* Release */ = {
			isa = XCBuildConfiguration;
			buildSettings = {
				ALWAYS_SEARCH_USER_PATHS = NO;
				CLANG_ANALYZER_NONNULL = YES;
				CLANG_ANALYZER_NUMBER_OBJECT_CONVERSION = YES_AGGRESSIVE;
				CLANG_CXX_LANGUAGE_STANDARD = "gnu++14";
				CLANG_CXX_LIBRARY = "libc++";
				CLANG_ENABLE_MODULES = YES;
				CLANG_ENABLE_OBJC_ARC = YES;
				CLANG_ENABLE_OBJC_WEAK = YES;
				CLANG_WARN_BLOCK_CAPTURE_AUTORELEASING = YES;
				CLANG_WARN_BOOL_CONVERSION = YES;
				CLANG_WARN_COMMA = YES;
				CLANG_WARN_CONSTANT_CONVERSION = YES;
				CLANG_WARN_DEPRECATED_OBJC_IMPLEMENTATIONS = YES;
				CLANG_WARN_DIRECT_OBJC_ISA_USAGE = YES_ERROR;
				CLANG_WARN_DOCUMENTATION_COMMENTS = YES;
				CLANG_WARN_EMPTY_BODY = YES;
				CLANG_WARN_ENUM_CONVERSION = YES;
				CLANG_WARN_INFINITE_RECURSION = YES;
				CLANG_WARN_INT_CONVERSION = YES;
				CLANG_WARN_NON_LITERAL_NULL_CONVERSION = YES;
				CLANG_WARN_OBJC_IMPLICIT_RETAIN_SELF = YES;
				CLANG_WARN_OBJC_LITERAL_CONVERSION = YES;
				CLANG_WARN_OBJC_ROOT_CLASS = YES_ERROR;
				CLANG_WARN_QUOTED_INCLUDE_IN_FRAMEWORK_HEADER = YES;
				CLANG_WARN_RANGE_LOOP_ANALYSIS = YES;
				CLANG_WARN_STRICT_PROTOTYPES = YES;
				CLANG_WARN_SUSPICIOUS_MOVE = YES;
				CLANG_WARN_UNGUARDED_AVAILABILITY = YES_AGGRESSIVE;
				CLANG_WARN_UNREACHABLE_CODE = YES;
				CLANG_WARN__DUPLICATE_METHOD_MATCH = YES;
				COPY_PHASE_STRIP = NO;
				DEBUG_INFORMATION_FORMAT = "dwarf-with-dsym";
				ENABLE_NS_ASSERTIONS = NO;
				ENABLE_STRICT_OBJC_MSGSEND = YES;
				GCC_C_LANGUAGE_STANDARD = gnu11;
				GCC_NO_COMMON_BLOCKS = YES;
				GCC_WARN_64_TO_32_BIT_CONVERSION = YES;
				GCC_WARN_ABOUT_RETURN_TYPE = YES_ERROR;
				GCC_WARN_UNDECLARED_SELECTOR = YES;
				GCC_WARN_UNINITIALIZED_AUTOS = YES_AGGRESSIVE;
				GCC_WARN_UNUSED_FUNCTION = YES;
				GCC_WARN_UNUSED_VARIABLE = YES;
				IPHONEOS_DEPLOYMENT_TARGET = 14.5;
				MTL_ENABLE_DEBUG_INFO = NO;
				MTL_FAST_MATH = YES;
				SDKROOT = iphoneos;
				SWIFT_COMPILATION_MODE = wholemodule;
				SWIFT_OPTIMIZATION_LEVEL = "-O";
				VALIDATE_PRODUCT = YES;
			};
			name = Release;
		};
		1D25E32F26EDD83D00EA4225 /* Debug */ = {
			isa = XCBuildConfiguration;
			buildSettings = {
				ASSETCATALOG_COMPILER_APPICON_NAME = AppIcon;
				ASSETCATALOG_COMPILER_GLOBAL_ACCENT_COLOR_NAME = AccentColor;
				CODE_SIGN_ENTITLEMENTS = "Jia Jie's DCA Calculator/Jia Jie's DCA Calculator.entitlements";
				CODE_SIGN_STYLE = Automatic;
				CURRENT_PROJECT_VERSION = 5;
				DEVELOPMENT_TEAM = B2ZMD79S6B;
				INFOPLIST_FILE = "Jia Jie's DCA Calculator/Info.plist";
				LD_RUNPATH_SEARCH_PATHS = (
					"$(inherited)",
					"@executable_path/Frameworks",
				);
				PRODUCT_BUNDLE_IDENTIFIER = "JiaJieChan.Jia-Jie-s-DCA-Calculator";
				PRODUCT_NAME = "$(TARGET_NAME)";
				SWIFT_VERSION = 5.0;
				TARGETED_DEVICE_FAMILY = "1,2";
			};
			name = Debug;
		};
		1D25E33026EDD83D00EA4225 /* Release */ = {
			isa = XCBuildConfiguration;
			buildSettings = {
				ASSETCATALOG_COMPILER_APPICON_NAME = AppIcon;
				ASSETCATALOG_COMPILER_GLOBAL_ACCENT_COLOR_NAME = AccentColor;
				CODE_SIGN_ENTITLEMENTS = "Jia Jie's DCA Calculator/Jia Jie's DCA Calculator.entitlements";
				CODE_SIGN_STYLE = Automatic;
				CURRENT_PROJECT_VERSION = 5;
				DEVELOPMENT_TEAM = B2ZMD79S6B;
				INFOPLIST_FILE = "Jia Jie's DCA Calculator/Info.plist";
				LD_RUNPATH_SEARCH_PATHS = (
					"$(inherited)",
					"@executable_path/Frameworks",
				);
				PRODUCT_BUNDLE_IDENTIFIER = "JiaJieChan.Jia-Jie-s-DCA-Calculator";
				PRODUCT_NAME = "$(TARGET_NAME)";
				SWIFT_VERSION = 5.0;
				TARGETED_DEVICE_FAMILY = "1,2";
			};
			name = Release;
		};
		1D260F6327117CF300099DA8 /* Debug */ = {
			isa = XCBuildConfiguration;
			buildSettings = {
				BUNDLE_LOADER = "$(TEST_HOST)";
				CODE_SIGN_STYLE = Automatic;
				DEVELOPMENT_TEAM = B2ZMD79S6B;
				INFOPLIST_FILE = "Jia Jie's DCA CalculatorTests/Info.plist";
				LD_RUNPATH_SEARCH_PATHS = (
					"$(inherited)",
					"@executable_path/Frameworks",
					"@loader_path/Frameworks",
				);
				PRODUCT_BUNDLE_IDENTIFIER = "JiaJieChan.Jia-Jie-s-DCA-CalculatorTests";
				PRODUCT_NAME = "$(TARGET_NAME)";
				SWIFT_VERSION = 5.0;
				TARGETED_DEVICE_FAMILY = "1,2";
				TEST_HOST = "$(BUILT_PRODUCTS_DIR)/Jia Jie's DCA Calculator.app/Jia Jie's DCA Calculator";
			};
			name = Debug;
		};
		1D260F6427117CF300099DA8 /* Release */ = {
			isa = XCBuildConfiguration;
			buildSettings = {
				BUNDLE_LOADER = "$(TEST_HOST)";
				CODE_SIGN_STYLE = Automatic;
				DEVELOPMENT_TEAM = B2ZMD79S6B;
				INFOPLIST_FILE = "Jia Jie's DCA CalculatorTests/Info.plist";
				LD_RUNPATH_SEARCH_PATHS = (
					"$(inherited)",
					"@executable_path/Frameworks",
					"@loader_path/Frameworks",
				);
				PRODUCT_BUNDLE_IDENTIFIER = "JiaJieChan.Jia-Jie-s-DCA-CalculatorTests";
				PRODUCT_NAME = "$(TARGET_NAME)";
				SWIFT_VERSION = 5.0;
				TARGETED_DEVICE_FAMILY = "1,2";
				TEST_HOST = "$(BUILT_PRODUCTS_DIR)/Jia Jie's DCA Calculator.app/Jia Jie's DCA Calculator";
			};
			name = Release;
		};
		1D260F7227117E5500099DA8 /* Debug */ = {
			isa = XCBuildConfiguration;
			buildSettings = {
				CODE_SIGN_STYLE = Automatic;
				DEVELOPMENT_TEAM = B2ZMD79S6B;
				INFOPLIST_FILE = "Jia Jie's DCA CalculatorUITests/Info.plist";
				LD_RUNPATH_SEARCH_PATHS = (
					"$(inherited)",
					"@executable_path/Frameworks",
					"@loader_path/Frameworks",
				);
				PRODUCT_BUNDLE_IDENTIFIER = "JiaJieChan.Jia-Jie-s-DCA-CalculatorUITests";
				PRODUCT_NAME = "$(TARGET_NAME)";
				SWIFT_VERSION = 5.0;
				TARGETED_DEVICE_FAMILY = "1,2";
				TEST_TARGET_NAME = "Jia Jie's DCA Calculator";
			};
			name = Debug;
		};
		1D260F7327117E5500099DA8 /* Release */ = {
			isa = XCBuildConfiguration;
			buildSettings = {
				CODE_SIGN_STYLE = Automatic;
				DEVELOPMENT_TEAM = B2ZMD79S6B;
				INFOPLIST_FILE = "Jia Jie's DCA CalculatorUITests/Info.plist";
				LD_RUNPATH_SEARCH_PATHS = (
					"$(inherited)",
					"@executable_path/Frameworks",
					"@loader_path/Frameworks",
				);
				PRODUCT_BUNDLE_IDENTIFIER = "JiaJieChan.Jia-Jie-s-DCA-CalculatorUITests";
				PRODUCT_NAME = "$(TARGET_NAME)";
				SWIFT_VERSION = 5.0;
				TARGETED_DEVICE_FAMILY = "1,2";
				TEST_TARGET_NAME = "Jia Jie's DCA Calculator";
			};
			name = Release;
		};
/* End XCBuildConfiguration section */

/* Begin XCConfigurationList section */
		1D25E31526EDD83A00EA4225 /* Build configuration list for PBXProject "Jia Jie's DCA Calculator" */ = {
			isa = XCConfigurationList;
			buildConfigurations = (
				1D25E32C26EDD83D00EA4225 /* Debug */,
				1D25E32D26EDD83D00EA4225 /* Release */,
			);
			defaultConfigurationIsVisible = 0;
			defaultConfigurationName = Release;
		};
		1D25E32E26EDD83D00EA4225 /* Build configuration list for PBXNativeTarget "Jia Jie's DCA Calculator" */ = {
			isa = XCConfigurationList;
			buildConfigurations = (
				1D25E32F26EDD83D00EA4225 /* Debug */,
				1D25E33026EDD83D00EA4225 /* Release */,
			);
			defaultConfigurationIsVisible = 0;
			defaultConfigurationName = Release;
		};
		1D260F6527117CF300099DA8 /* Build configuration list for PBXNativeTarget "Jia Jie's DCA CalculatorTests" */ = {
			isa = XCConfigurationList;
			buildConfigurations = (
				1D260F6327117CF300099DA8 /* Debug */,
				1D260F6427117CF300099DA8 /* Release */,
			);
			defaultConfigurationIsVisible = 0;
			defaultConfigurationName = Release;
		};
		1D260F7127117E5500099DA8 /* Build configuration list for PBXNativeTarget "Jia Jie's DCA CalculatorUITests" */ = {
			isa = XCConfigurationList;
			buildConfigurations = (
				1D260F7227117E5500099DA8 /* Debug */,
				1D260F7327117E5500099DA8 /* Release */,
			);
			defaultConfigurationIsVisible = 0;
			defaultConfigurationName = Release;
		};
/* End XCConfigurationList section */
	};
	rootObject = 1D25E31226EDD83A00EA4225 /* Project object */;
}
